
Microsoft Visual Studio Solution File, Format Version 12.00
# Visual Studio Version 17
VisualStudioVersion = 17.11.35208.52
MinimumVisualStudioVersion = 10.0.40219.1
Project("{FAE04EC0-301F-11D3-BF4B-00C04F79EFBC}") = "API", "API\API.csproj", "{C263517A-037F-40D9-868A-9F9D8E5B865D}"
EndProject
Project("{FAE04EC0-301F-11D3-BF4B-00C04F79EFBC}") = "Application", "Application\Application.csproj", "{12F12086-CC35-415A-B42C-F4D81BA1623D}"
EndProject
Project("{FAE04EC0-301F-11D3-BF4B-00C04F79EFBC}") = "Domain", "Domain\Domain.csproj", "{D6F33B20-DD7F-474F-8700-7A8DBED6B467}"
EndProject
Project("{FAE04EC0-301F-11D3-BF4B-00C04F79EFBC}") = "Infrastructure", "Infrastructure\Infrastructure.csproj", "{4C3AD2D1-A696-4AFB-BF8B-B0CC37B98B4D}"
EndProject
Global
	GlobalSection(SolutionConfigurationPlatforms) = preSolution
		Debug|Any CPU = Debug|Any CPU
		Release|Any CPU = Release|Any CPU
	EndGlobalSection
	GlobalSection(ProjectConfigurationPlatforms) = postSolution
		{C263517A-037F-40D9-868A-9F9D8E5B865D}.Debug|Any CPU.ActiveCfg = Debug|Any CPU
		{C263517A-037F-40D9-868A-9F9D8E5B865D}.Debug|Any CPU.Build.0 = Debug|Any CPU
		{C263517A-037F-40D9-868A-9F9D8E5B865D}.Release|Any CPU.ActiveCfg = Release|Any CPU
		{C263517A-037F-40D9-868A-9F9D8E5B865D}.Release|Any CPU.Build.0 = Release|Any CPU
		{12F12086-CC35-415A-B42C-F4D81BA1623D}.Debug|Any CPU.ActiveCfg = Debug|Any CPU
		{12F12086-CC35-415A-B42C-F4D81BA1623D}.Debug|Any CPU.Build.0 = Debug|Any CPU
		{12F12086-CC35-415A-B42C-F4D81BA1623D}.Release|Any CPU.ActiveCfg = Release|Any CPU
		{12F12086-CC35-415A-B42C-F4D81BA1623D}.Release|Any CPU.Build.0 = Release|Any CPU
		{D6F33B20-DD7F-474F-8700-7A8DBED6B467}.Debug|Any CPU.ActiveCfg = Debug|Any CPU
		{D6F33B20-DD7F-474F-8700-7A8DBED6B467}.Debug|Any CPU.Build.0 = Debug|Any CPU
		{D6F33B20-DD7F-474F-8700-7A8DBED6B467}.Release|Any CPU.ActiveCfg = Release|Any CPU
		{D6F33B20-DD7F-474F-8700-7A8DBED6B467}.Release|Any CPU.Build.0 = Release|Any CPU
		{4C3AD2D1-A696-4AFB-BF8B-B0CC37B98B4D}.Debug|Any CPU.ActiveCfg = Debug|Any CPU
		{4C3AD2D1-A696-4AFB-BF8B-B0CC37B98B4D}.Debug|Any CPU.Build.0 = Debug|Any CPU
		{4C3AD2D1-A696-4AFB-BF8B-B0CC37B98B4D}.Release|Any CPU.ActiveCfg = Release|Any CPU
		{4C3AD2D1-A696-4AFB-BF8B-B0CC37B98B4D}.Release|Any CPU.Build.0 = Release|Any CPU
	EndGlobalSection
	GlobalSection(SolutionProperties) = preSolution
		HideSolutionNode = FALSE
	EndGlobalSection
	GlobalSection(ExtensibilityGlobals) = postSolution
		SolutionGuid = {7B60B272-9F2F-4A8D-851A-2FD4B90EE6B4}
	EndGlobalSection
EndGlobal
